
Microsoft Visual Studio Solution File, Format Version 12.00
# Visual Studio 15
VisualStudioVersion = 15.0.27703.2018
MinimumVisualStudioVersion = 10.0.40219.1
Project("{FAE04EC0-301F-11D3-BF4B-00C04F79EFBC}") = "ExceptionHomeWork", "ExceptionHomeWork\ExceptionHomeWork.csproj", "{6DE3026B-B433-401A-866F-96AD58C03C05}"
EndProject
Global
	GlobalSection(SolutionConfigurationPlatforms) = preSolution
		Debug|Any CPU = Debug|Any CPU
		Release|Any CPU = Release|Any CPU
	EndGlobalSection
	GlobalSection(ProjectConfigurationPlatforms) = postSolution
		{6DE3026B-B433-401A-866F-96AD58C03C05}.Debug|Any CPU.ActiveCfg = Debug|Any CPU
		{6DE3026B-B433-401A-866F-96AD58C03C05}.Debug|Any CPU.Build.0 = Debug|Any CPU
		{6DE3026B-B433-401A-866F-96AD58C03C05}.Release|Any CPU.ActiveCfg = Release|Any CPU
		{6DE3026B-B433-401A-866F-96AD58C03C05}.Release|Any CPU.Build.0 = Release|Any CPU
	EndGlobalSection
	GlobalSection(SolutionProperties) = preSolution
		HideSolutionNode = FALSE
	EndGlobalSection
	GlobalSection(ExtensibilityGlobals) = postSolution
		SolutionGuid = {70007C46-6CF8-42EE-8C24-A8B70AA460B3}
	EndGlobalSection
EndGlobal
