
Microsoft Visual Studio Solution File, Format Version 12.00
# Visual Studio 15
VisualStudioVersion = 15.0.27703.2018
MinimumVisualStudioVersion = 10.0.40219.1
Project("{FAE04EC0-301F-11D3-BF4B-00C04F79EFBC}") = "Array", "Array\Array.csproj", "{27245486-2273-49E1-85AE-AD640D1859E9}"
EndProject
Global
	GlobalSection(SolutionConfigurationPlatforms) = preSolution
		Debug|Any CPU = Debug|Any CPU
		Release|Any CPU = Release|Any CPU
	EndGlobalSection
	GlobalSection(ProjectConfigurationPlatforms) = postSolution
		{27245486-2273-49E1-85AE-AD640D1859E9}.Debug|Any CPU.ActiveCfg = Debug|Any CPU
		{27245486-2273-49E1-85AE-AD640D1859E9}.Debug|Any CPU.Build.0 = Debug|Any CPU
		{27245486-2273-49E1-85AE-AD640D1859E9}.Release|Any CPU.ActiveCfg = Release|Any CPU
		{27245486-2273-49E1-85AE-AD640D1859E9}.Release|Any CPU.Build.0 = Release|Any CPU
	EndGlobalSection
	GlobalSection(SolutionProperties) = preSolution
		HideSolutionNode = FALSE
	EndGlobalSection
	GlobalSection(ExtensibilityGlobals) = postSolution
		SolutionGuid = {49219271-953B-4D15-A28E-753E104A1F53}
	EndGlobalSection
EndGlobal
